<?xml version="1.0" encoding="utf-8"?>
<Project ToolsVersion="4.0" xmlns="http://schemas.microsoft.com/developer/msbuild/2003">
  <ItemGroup>
    <Filter Include="Source Files">
      <UniqueIdentifier>{4FC737F1-C7A5-4376-A066-2A32D752A2FF}</UniqueIdentifier>
      <Extensions>cpp;c;cc;cxx;c++;cppm;ixx;def;odl;idl;hpj;bat;asm;asmx</Extensions>
    </Filter>
    <Filter Include="Header Files">
      <UniqueIdentifier>{93995380-89BD-4b04-88EB-625FBE52EBFB}</UniqueIdentifier>
      <Extensions>h;hh;hpp;hxx;h++;hm;inl;inc;ipp;xsd</Extensions>
    </Filter>
    <Filter Include="Resource Files">
      <UniqueIdentifier>{67DA6AB6-F800-4c08-8B7A-83BB121AAD01}</UniqueIdentifier>
      <Extensions>rc;ico;cur;bmp;dlg;rc2;rct;bin;rgs;gif;jpg;jpeg;jpe;resx;tiff;tif;png;wav;mfcribbon-ms</Extensions>
    </Filter>
    <Filter Include="Source Files\MiniC">
      <UniqueIdentifier>{f6d10b65-90df-43fb-9b11-adda3bad5c97}</UniqueIdentifier>
    </Filter>
    <Filter Include="Source Files\Expr">
      <UniqueIdentifier>{cf4caba3-f590-483c-808c-bb30d805cbcb}</UniqueIdentifier>
    </Filter>
    <Filter Include="Source Files\Tiny">
      <UniqueIdentifier>{2bd0aa64-9f91-4c08-afa9-c54008e7a0e5}</UniqueIdentifier>
    </Filter>
  </ItemGroup>
  <ItemGroup>
    <ClCompile Include="Main.cpp">
      <Filter>Resource Files</Filter>
    </ClCompile>
  </ItemGroup>
  <ItemGroup>
    <ClInclude Include="FirstFollowCalculator.hpp">
      <Filter>Header Files</Filter>
    </ClInclude>
    <ClInclude Include="GrammarLoader.hpp">
      <Filter>Header Files</Filter>
    </ClInclude>
    <ClInclude Include="LRAutomaton.hpp">
      <Filter>Header Files</Filter>
    </ClInclude>
    <ClInclude Include="LRItem.hpp">
      <Filter>Header Files</Filter>
    </ClInclude>
    <ClInclude Include="SLRAnalysisTable.hpp">
      <Filter>Header Files</Filter>
    </ClInclude>
    <ClInclude Include="ShiftReduceParser.hpp">
      <Filter>Header Files</Filter>
    </ClInclude>
  </ItemGroup>
  <ItemGroup>
    <Text Include="MiniCTokensOutput.txt">
      <Filter>Source Files\MiniC</Filter>
    </Text>
    <Text Include="ExprTokensOutput.txt">
      <Filter>Source Files\Expr</Filter>
    </Text>
    <Text Include="TinyTokensOutput.txt">
      <Filter>Source Files\Tiny</Filter>
    </Text>
    <Text Include="ExprTest.txt">
      <Filter>Source Files\Expr</Filter>
    </Text>
    <Text Include="MiniCTest.txt">
      <Filter>Source Files\MiniC</Filter>
    </Text>
    <Text Include="TinyTest.txt">
      <Filter>Source Files\Tiny</Filter>
    </Text>
  </ItemGroup>
  <ItemGroup>
    <None Include="MiniC.grammar">
      <Filter>Source Files\MiniC</Filter>
    </None>
    <None Include="Expr.grammar">
      <Filter>Source Files\Expr</Filter>
    </None>
    <None Include="Tiny.grammar">
      <Filter>Source Files\Tiny</Filter>
    </None>
    <None Include="LexerGen.exe">
      <Filter>Source Files</Filter>
    </None>
    <None Include="Expr.lex">
      <Filter>Source Files\Expr</Filter>
    </None>
    <None Include="MiniC.lex">
      <Filter>Source Files\MiniC</Filter>
    </None>
    <None Include="Tiny.lex">
      <Filter>Source Files\Tiny</Filter>
    </None>
    <None Include="Makefile">
      <Filter>Source Files</Filter>
    </None>
  </ItemGroup>
</Project>